
Microsoft Visual Studio Solution File, Format Version 12.00
# Visual Studio 15
Project("{FAE04EC0-301F-11D3-BF4B-00C04F79EFBC}") = "Assembly-CSharp", "Assembly-CSharp.csproj", "{F306FF61-5866-A3A7-38BF-6C272DCE5F18}"
EndProject
Project("{FAE04EC0-301F-11D3-BF4B-00C04F79EFBC}") = "Assembly-CSharp-Editor", "Assembly-CSharp-Editor.csproj", "{81A2A7F3-9406-37F7-A2E2-E1E962EB51BF}"
EndProject
Global
	GlobalSection(SolutionConfigurationPlatforms) = preSolution
		Debug|Any CPU = Debug|Any CPU
		Release|Any CPU = Release|Any CPU
	EndGlobalSection
	GlobalSection(ProjectConfigurationPlatforms) = postSolution
		{F306FF61-5866-A3A7-38BF-6C272DCE5F18}.Debug|Any CPU.ActiveCfg = Debug|Any CPU
		{F306FF61-5866-A3A7-38BF-6C272DCE5F18}.Debug|Any CPU.Build.0 = Debug|Any CPU
		{F306FF61-5866-A3A7-38BF-6C272DCE5F18}.Release|Any CPU.ActiveCfg = Release|Any CPU
		{F306FF61-5866-A3A7-38BF-6C272DCE5F18}.Release|Any CPU.Build.0 = Release|Any CPU
		{81A2A7F3-9406-37F7-A2E2-E1E962EB51BF}.Debug|Any CPU.ActiveCfg = Debug|Any CPU
		{81A2A7F3-9406-37F7-A2E2-E1E962EB51BF}.Debug|Any CPU.Build.0 = Debug|Any CPU
		{81A2A7F3-9406-37F7-A2E2-E1E962EB51BF}.Release|Any CPU.ActiveCfg = Release|Any CPU
		{81A2A7F3-9406-37F7-A2E2-E1E962EB51BF}.Release|Any CPU.Build.0 = Release|Any CPU
	EndGlobalSection
	GlobalSection(SolutionProperties) = preSolution
		HideSolutionNode = FALSE
	EndGlobalSection
EndGlobal
